PODS:
  - Bolts (1.1.0)
  - Facebook-iOS-SDK (3.16.1):
    - Bolts
  - Kiwi (2.3.0)
  - Parse (1.2.18):
    - Facebook-iOS-SDK (~> 3.11)
  - VENVersionTracker (0.1.0)

DEPENDENCIES:
  - Kiwi (~> 2.3)
  - Parse
  - VENVersionTracker

SPEC CHECKSUMS:
  Bolts: cbf2e714ee805a2a2c1fced24c6e3aae9fbc396e
  Facebook-iOS-SDK: 6960999975eca40ab6a44efdcccee29b80abdf50
  Kiwi: 4c3988bd551f80f6ca0009f302f7c1a2e3777bf2
  Parse: ed2b5139839eb53ac7124994f3a580f5c7750bea
  VENVersionTracker: 4d14d68d11f0d4c0bcbda3627fa70cc49a568bae

COCOAPODS: 0.38.2
